{
    "_readme": [
        "This file locks the dependencies of your project to a known state",
        "Read more about it at https://getcomposer.org/doc/01-basic-usage.md#installing-dependencies",
        "This file is @generated automatically"
    ],
    "content-hash": "0871bf92e48f63645f282c7f63860712",
    "packages": [
        {
            "name": "automattic/jetpack-a8c-mc-stats",
            "version": "v1.1.0",
            "source": {
                "type": "git",
                "url": "https://github.com/Automattic/jetpack-a8c-mc-stats.git",
                "reference": "1aac18d4149cac64ec34d19c1d3f45fa69946d31"
            },
            "dist": {
                "type": "zip",
                "url": "https://api.github.com/repos/Automattic/jetpack-a8c-mc-stats/zipball/1aac18d4149cac64ec34d19c1d3f45fa69946d31",
                "reference": "1aac18d4149cac64ec34d19c1d3f45fa69946d31",
                "shasum": ""
            },
            "require-dev": {
                "phpunit/phpunit": "^5.7 || ^6.5 || ^7.5"
            },
            "type": "library",
            "autoload": {
                "classmap": [
                    "src/"
                ]
            },
            "notification-url": "https://packagist.org/downloads/",
            "license": [
                "GPL-2.0-or-later"
            ],
            "description": "Used to record internal usage stats for Automattic. Not visible to site owners.",
            "time": "2020-08-13T14:32:48+00:00"
        },
        {
            "name": "automattic/jetpack-autoloader",
            "version": "v2.3.0",
            "source": {
                "type": "git",
                "url": "https://github.com/Automattic/jetpack-autoloader.git",
                "reference": "841976bc8322af907a3efd7acd028a5dec35a5f9"
            },
            "dist": {
                "type": "zip",
                "url": "https://api.github.com/repos/Automattic/jetpack-autoloader/zipball/841976bc8322af907a3efd7acd028a5dec35a5f9",
                "reference": "841976bc8322af907a3efd7acd028a5dec35a5f9",
                "shasum": ""
            },
            "require": {
                "composer-plugin-api": "^1.1 || ^2.0"
            },
            "require-dev": {
                "phpunit/phpunit": "^5.7 || ^6.5 || ^7.5"
            },
            "type": "composer-plugin",
            "extra": {
                "class": "Automattic\\Jetpack\\Autoloader\\CustomAutoloaderPlugin"
            },
            "autoload": {
                "psr-4": {
                    "Automattic\\Jetpack\\Autoloader\\": "src"
                }
            },
            "notification-url": "https://packagist.org/downloads/",
            "license": [
                "GPL-2.0-or-later"
            ],
            "description": "Creates a custom autoloader for a plugin or theme.",
            "time": "2020-08-21T20:08:55+00:00"
        },
        {
            "name": "automattic/jetpack-config",
            "version": "v1.4.0",
            "source": {
                "type": "git",
                "url": "https://github.com/Automattic/jetpack-config.git",
                "reference": "9773c98b357d5d192fdb814bcd07c5b69635d694"
            },
            "dist": {
                "type": "zip",
                "url": "https://api.github.com/repos/Automattic/jetpack-config/zipball/9773c98b357d5d192fdb814bcd07c5b69635d694",
                "reference": "9773c98b357d5d192fdb814bcd07c5b69635d694",
                "shasum": ""
            },
            "type": "library",
            "autoload": {
                "classmap": [
                    "src/"
                ]
            },
            "notification-url": "https://packagist.org/downloads/",
            "license": [
                "GPL-2.0-or-later"
            ],
            "description": "Jetpack configuration package that initializes other packages and configures Jetpack's functionality. Can be used as a base for all variants of Jetpack package usage.",
            "time": "2020-08-26T16:16:10+00:00"
        },
        {
            "name": "automattic/jetpack-connection",
            "version": "v1.17.0",
            "source": {
                "type": "git",
                "url": "https://github.com/Automattic/jetpack-connection.git",
                "reference": "6fa0e87e40c3eeb918681c1aaa5921136b7db3c7"
            },
            "dist": {
                "type": "zip",
                "url": "https://api.github.com/repos/Automattic/jetpack-connection/zipball/6fa0e87e40c3eeb918681c1aaa5921136b7db3c7",
                "reference": "6fa0e87e40c3eeb918681c1aaa5921136b7db3c7",
                "shasum": ""
            },
            "require": {
                "automattic/jetpack-constants": "1.5.0",
                "automattic/jetpack-heartbeat": "1.0.0",
                "automattic/jetpack-options": "1.8.0",
                "automattic/jetpack-roles": "1.3.0",
                "automattic/jetpack-status": "1.4.0",
                "automattic/jetpack-tracking": "1.9.0"
            },
            "require-dev": {
                "automattic/wordbless": "@dev",
                "php-mock/php-mock": "^2.1",
                "phpunit/phpunit": "^5.7 || ^6.5 || ^7.5"
            },
            "type": "library",
            "autoload": {
                "files": [
                    "legacy/load-ixr.php"
                ],
                "classmap": [
                    "legacy",
                    "src/"
                ]
            },
            "notification-url": "https://packagist.org/downloads/",
            "license": [
                "GPL-2.0-or-later"
            ],
            "description": "Everything needed to connect to the Jetpack infrastructure",
            "time": "2020-08-26T15:52:01+00:00"
        },
        {
            "name": "automattic/jetpack-constants",
            "version": "v1.5.0",
            "source": {
                "type": "git",
                "url": "https://github.com/Automattic/jetpack-constants.git",
                "reference": "9827a2f446b8c4faafaf1c740483031c073a381d"
            },
            "dist": {
                "type": "zip",
                "url": "https://api.github.com/repos/Automattic/jetpack-constants/zipball/9827a2f446b8c4faafaf1c740483031c073a381d",
                "reference": "9827a2f446b8c4faafaf1c740483031c073a381d",
                "shasum": ""
            },
            "require-dev": {
                "php-mock/php-mock": "^2.1",
                "phpunit/phpunit": "^5.7 || ^6.5 || ^7.5"
            },
            "type": "library",
            "autoload": {
                "classmap": [
                    "src/"
                ]
            },
            "notification-url": "https://packagist.org/downloads/",
            "license": [
                "GPL-2.0-or-later"
            ],
            "description": "A wrapper for defining constants in a more testable way.",
            "time": "2020-08-13T14:33:09+00:00"
        },
        {
            "name": "automattic/jetpack-heartbeat",
            "version": "v1.0.0",
            "source": {
                "type": "git",
                "url": "https://github.com/Automattic/jetpack-heartbeat.git",
                "reference": "b7fe6216523cdc066a8a1e4ef1ac438ea4f83c00"
            },
            "dist": {
                "type": "zip",
                "url": "https://api.github.com/repos/Automattic/jetpack-heartbeat/zipball/b7fe6216523cdc066a8a1e4ef1ac438ea4f83c00",
                "reference": "b7fe6216523cdc066a8a1e4ef1ac438ea4f83c00",
                "shasum": ""
            },
            "require": {
                "automattic/jetpack-a8c-mc-stats": "1.1.0",
                "automattic/jetpack-options": "1.8.0"
            },
            "require-dev": {
                "phpunit/phpunit": "^5.7 || ^6.5 || ^7.5"
            },
            "type": "library",
            "autoload": {
                "classmap": [
                    "src/"
                ]
            },
            "notification-url": "https://packagist.org/downloads/",
            "license": [
                "GPL-2.0-or-later"
            ],
            "description": "This adds a cronjob that sends a batch of internal automattic stats to wp.com once a day",
            "time": "2020-08-26T15:46:56+00:00"
        },
        {
            "name": "automattic/jetpack-options",
            "version": "v1.8.0",
            "source": {
                "type": "git",
                "url": "https://github.com/Automattic/jetpack-options.git",
                "reference": "578908ebe1459ac653b10c0799ec8cb7e0ee4924"
            },
            "dist": {
                "type": "zip",
                "url": "https://api.github.com/repos/Automattic/jetpack-options/zipball/578908ebe1459ac653b10c0799ec8cb7e0ee4924",
                "reference": "578908ebe1459ac653b10c0799ec8cb7e0ee4924",
                "shasum": ""
            },
            "require": {
                "automattic/jetpack-constants": "1.5.0"
            },
            "require-dev": {
                "10up/wp_mock": "0.4.2",
                "phpunit/phpunit": "7.*.*"
            },
            "type": "library",
            "autoload": {
                "classmap": [
                    "legacy"
                ]
            },
            "notification-url": "https://packagist.org/downloads/",
            "license": [
                "GPL-2.0-or-later"
            ],
            "description": "A wrapper for wp-options to manage specific Jetpack options.",
            "time": "2020-08-25T11:02:32+00:00"
        },
        {
            "name": "automattic/jetpack-roles",
            "version": "v1.3.0",
            "source": {
                "type": "git",
                "url": "https://github.com/Automattic/jetpack-roles.git",
                "reference": "242f03921c818dfc1e263bdc3d1ff090d9d7555c"
            },
            "dist": {
                "type": "zip",
                "url": "https://api.github.com/repos/Automattic/jetpack-roles/zipball/242f03921c818dfc1e263bdc3d1ff090d9d7555c",
                "reference": "242f03921c818dfc1e263bdc3d1ff090d9d7555c",
                "shasum": ""
            },
            "require-dev": {
                "php-mock/php-mock": "^2.1",
                "phpunit/phpunit": "^5.7 || ^6.5 || ^7.5"
            },
            "type": "library",
            "autoload": {
                "classmap": [
                    "src/"
                ]
            },
            "notification-url": "https://packagist.org/downloads/",
            "license": [
                "GPL-2.0-or-later"
            ],
            "description": "Utilities, related with user roles and capabilities.",
            "time": "2020-08-13T14:33:36+00:00"
        },
        {
            "name": "automattic/jetpack-status",
            "version": "v1.4.0",
            "source": {
                "type": "git",
                "url": "https://github.com/Automattic/jetpack-status.git",
                "reference": "6e5bcfdcf6e99006d7c4c9c43d526abd4f2884a8"
            },
            "dist": {
                "type": "zip",
                "url": "https://api.github.com/repos/Automattic/jetpack-status/zipball/6e5bcfdcf6e99006d7c4c9c43d526abd4f2884a8",
                "reference": "6e5bcfdcf6e99006d7c4c9c43d526abd4f2884a8",
                "shasum": ""
            },
            "require-dev": {
                "brain/monkey": "2.4.0",
                "php-mock/php-mock": "^2.1",
                "phpunit/phpunit": "^5.7 || ^6.5 || ^7.5"
            },
            "type": "library",
            "autoload": {
                "classmap": [
                    "src/"
                ]
            },
            "notification-url": "https://packagist.org/downloads/",
            "license": [
                "GPL-2.0-or-later"
            ],
            "description": "Used to retrieve information about the current status of Jetpack and the site overall.",
            "time": "2020-08-13T14:33:39+00:00"
        },
        {
            "name": "automattic/jetpack-terms-of-service",
            "version": "v1.6.0",
            "source": {
                "type": "git",
                "url": "https://github.com/Automattic/jetpack-terms-of-service.git",
                "reference": "113b5c60571c1af827f2dc78da79117693c8a3c4"
            },
            "dist": {
                "type": "zip",
                "url": "https://api.github.com/repos/Automattic/jetpack-terms-of-service/zipball/113b5c60571c1af827f2dc78da79117693c8a3c4",
                "reference": "113b5c60571c1af827f2dc78da79117693c8a3c4",
                "shasum": ""
            },
            "require": {
                "automattic/jetpack-options": "1.8.0",
                "automattic/jetpack-status": "1.4.0"
            },
            "require-dev": {
                "php-mock/php-mock": "^2.1",
                "phpunit/phpunit": "^5.7 || ^6.5 || ^7.5"
            },
            "type": "library",
            "autoload": {
                "classmap": [
                    "src/"
                ]
            },
            "notification-url": "https://packagist.org/downloads/",
            "license": [
                "GPL-2.0-or-later"
            ],
            "description": "Everything need to manage the terms of service state",
            "time": "2020-08-26T15:48:39+00:00"
        },
        {
            "name": "automattic/jetpack-tracking",
            "version": "v1.9.0",
            "source": {
                "type": "git",
                "url": "https://github.com/Automattic/jetpack-tracking.git",
                "reference": "aa595c4784239b65711bc86722fe74e0404aff61"
            },
            "dist": {
                "type": "zip",
                "url": "https://api.github.com/repos/Automattic/jetpack-tracking/zipball/aa595c4784239b65711bc86722fe74e0404aff61",
                "reference": "aa595c4784239b65711bc86722fe74e0404aff61",
                "shasum": ""
            },
            "require": {
                "automattic/jetpack-options": "1.8.0",
                "automattic/jetpack-terms-of-service": "1.6.0"
            },
            "require-dev": {
                "php-mock/php-mock": "^2.1",
                "phpunit/phpunit": "^5.7 || ^6.5 || ^7.5"
            },
            "type": "library",
            "autoload": {
                "classmap": [
                    "legacy",
                    "src/"
                ]
            },
            "notification-url": "https://packagist.org/downloads/",
            "license": [
                "GPL-2.0-or-later"
            ],
            "description": "Tracking for Jetpack",
            "time": "2020-08-26T15:49:59+00:00"
        }
    ],
    "packages-dev": [],
    "aliases": [],
    "minimum-stability": "stable",
    "stability-flags": [],
    "prefer-stable": false,
    "prefer-lowest": false,
    "platform": [],
    "platform-dev": [],
    "plugin-api-version": "1.1.0"
}
